
Microsoft Visual Studio Solution File, Format Version 12.00
# Visual Studio Version 17
VisualStudioVersion = 17.11.35222.181
MinimumVisualStudioVersion = 10.0.40219.1
Project("{FAE04EC0-301F-11D3-BF4B-00C04F79EFBC}") = "CodigoMejorado", "CodigoMejorado\CodigoMejorado.csproj", "{AB7A9BB8-A575-4CBF-9DAC-30FE4701DAF2}"
EndProject
Global
	GlobalSection(SolutionConfigurationPlatforms) = preSolution
		Debug|Any CPU = Debug|Any CPU
		Release|Any CPU = Release|Any CPU
	EndGlobalSection
	GlobalSection(ProjectConfigurationPlatforms) = postSolution
		{AB7A9BB8-A575-4CBF-9DAC-30FE4701DAF2}.Debug|Any CPU.ActiveCfg = Debug|Any CPU
		{AB7A9BB8-A575-4CBF-9DAC-30FE4701DAF2}.Debug|Any CPU.Build.0 = Debug|Any CPU
		{AB7A9BB8-A575-4CBF-9DAC-30FE4701DAF2}.Release|Any CPU.ActiveCfg = Release|Any CPU
		{AB7A9BB8-A575-4CBF-9DAC-30FE4701DAF2}.Release|Any CPU.Build.0 = Release|Any CPU
	EndGlobalSection
	GlobalSection(SolutionProperties) = preSolution
		HideSolutionNode = FALSE
	EndGlobalSection
	GlobalSection(ExtensibilityGlobals) = postSolution
		SolutionGuid = {5216F526-74EE-443C-A2A2-3097C489C820}
	EndGlobalSection
EndGlobal
